
Microsoft Visual Studio Solution File, Format Version 12.00
# Visual Studio Version 16
VisualStudioVersion = 16.0.31129.286
MinimumVisualStudioVersion = 10.0.40219.1
Project("{778DAE3C-4631-46EA-AA77-85C1314464D9}") = "PrimeVB", "PrimeVB.vbproj", "{12A901A3-6855-47A7-9086-6ABD5F436C56}"
EndProject
Project("{2150E333-8FDC-42A3-9474-1A3956D46DE8}") = "Solution Items", "Solution Items", "{6D470951-FABC-46FB-907D-71557A4C7ED7}"
	ProjectSection(SolutionItems) = preProject
		.editorconfig = .editorconfig
	EndProjectSection
EndProject
Global
	GlobalSection(SolutionConfigurationPlatforms) = preSolution
		Debug|Any CPU = Debug|Any CPU
		Debug|x64 = Debug|x64
		Release|Any CPU = Release|Any CPU
		Release|x64 = Release|x64
	EndGlobalSection
	GlobalSection(ProjectConfigurationPlatforms) = postSolution
		{12A901A3-6855-47A7-9086-6ABD5F436C56}.Debug|Any CPU.ActiveCfg = Debug|Any CPU
		{12A901A3-6855-47A7-9086-6ABD5F436C56}.Debug|Any CPU.Build.0 = Debug|Any CPU
		{12A901A3-6855-47A7-9086-6ABD5F436C56}.Debug|x64.ActiveCfg = Debug|x64
		{12A901A3-6855-47A7-9086-6ABD5F436C56}.Debug|x64.Build.0 = Debug|x64
		{12A901A3-6855-47A7-9086-6ABD5F436C56}.Release|Any CPU.ActiveCfg = Release|Any CPU
		{12A901A3-6855-47A7-9086-6ABD5F436C56}.Release|Any CPU.Build.0 = Release|Any CPU
		{12A901A3-6855-47A7-9086-6ABD5F436C56}.Release|x64.ActiveCfg = Release|x64
		{12A901A3-6855-47A7-9086-6ABD5F436C56}.Release|x64.Build.0 = Release|x64
	EndGlobalSection
	GlobalSection(SolutionProperties) = preSolution
		HideSolutionNode = FALSE
	EndGlobalSection
	GlobalSection(ExtensibilityGlobals) = postSolution
		SolutionGuid = {2BDD134B-71A3-4B87-866C-A07863125E8A}
	EndGlobalSection
EndGlobal
