{
  "name": "primeassemblyscript",
  "version": "1.0.0",
  "lockfileVersion": 2,
  "requires": true,
  "packages": {
    "": {
      "name": "primeassemblyscript",
      "version": "1.0.0",
      "license": "ISC",
      "dependencies": {
        "@assemblyscript/loader": "0.19.9"
      },
      "devDependencies": {
        "assemblyscript": "0.19.9"
      }
    },
    "node_modules/@assemblyscript/loader": {
      "version": "0.19.9",
      "resolved": "https://registry.npmjs.org/@assemblyscript/loader/-/loader-0.19.9.tgz",
      "integrity": "sha512-AL39UxO+LkYDXtxFTyJP1UVJYIgqVHTbwk9BMPZjoiNxPP/kxDP+LmHxkr1Pm6goR1QbnF69mn5NMuiLTde0mA==",
      "license": "Apache-2.0"
    },
    "node_modules/assemblyscript": {
      "version": "0.19.9",
      "resolved": "https://registry.npmjs.org/assemblyscript/-/assemblyscript-0.19.9.tgz",
      "integrity": "sha512-nVEg1bbGBegJp+UO9okNHgjCX6sri4OrIkl/LCaNWLIvioN2IjFeYt3R6ppZ6L813VYJxKhf0hr6lhXOXw3dvA==",
      "dev": true,
      "dependencies": {
        "binaryen": "101.0.0-nightly.20210723",
        "long": "^4.0.0"
      },
      "bin": {
        "asc": "bin/asc",
        "asinit": "bin/asinit"
      },
      "funding": {
        "type": "opencollective",
        "url": "https://opencollective.com/assemblyscript"
      }
    },
    "node_modules/binaryen": {
      "version": "101.0.0-nightly.20210723",
      "resolved": "https://registry.npmjs.org/binaryen/-/binaryen-101.0.0-nightly.20210723.tgz",
      "integrity": "sha512-eioJNqhHlkguVSbblHOtLqlhtC882SOEPKmNFZaDuz1hzQjolxZ+eu3/kaS10n3sGPONsIZsO7R9fR00UyhEUA==",
      "dev": true,
      "bin": {
        "wasm-opt": "bin/wasm-opt"
      }
    },
    "node_modules/long": {
      "version": "4.0.0",
      "resolved": "https://registry.npmjs.org/long/-/long-4.0.0.tgz",
      "integrity": "sha512-XsP+KhQif4bjX1kbuSiySJFNAehNxgLb6hPRGJ9QsUr8ajHkuXGdrHmFUTUUXhDwVX2R5bY4JNZEwbUiMhV+MA==",
      "dev": true
    }
  },
  "dependencies": {
    "@assemblyscript/loader": {
      "version": "0.19.9",
      "resolved": "https://registry.npmjs.org/@assemblyscript/loader/-/loader-0.19.9.tgz",
      "integrity": "sha512-AL39UxO+LkYDXtxFTyJP1UVJYIgqVHTbwk9BMPZjoiNxPP/kxDP+LmHxkr1Pm6goR1QbnF69mn5NMuiLTde0mA=="
    },
    "assemblyscript": {
      "version": "0.19.9",
      "resolved": "https://registry.npmjs.org/assemblyscript/-/assemblyscript-0.19.9.tgz",
      "integrity": "sha512-nVEg1bbGBegJp+UO9okNHgjCX6sri4OrIkl/LCaNWLIvioN2IjFeYt3R6ppZ6L813VYJxKhf0hr6lhXOXw3dvA==",
      "dev": true,
      "requires": {
        "binaryen": "101.0.0-nightly.20210723",
        "long": "^4.0.0"
      }
    },
    "binaryen": {
      "version": "101.0.0-nightly.20210723",
      "resolved": "https://registry.npmjs.org/binaryen/-/binaryen-101.0.0-nightly.20210723.tgz",
      "integrity": "sha512-eioJNqhHlkguVSbblHOtLqlhtC882SOEPKmNFZaDuz1hzQjolxZ+eu3/kaS10n3sGPONsIZsO7R9fR00UyhEUA==",
      "dev": true
    },
    "long": {
      "version": "4.0.0",
      "resolved": "https://registry.npmjs.org/long/-/long-4.0.0.tgz",
      "integrity": "sha512-XsP+KhQif4bjX1kbuSiySJFNAehNxgLb6hPRGJ9QsUr8ajHkuXGdrHmFUTUUXhDwVX2R5bY4JNZEwbUiMhV+MA==",
      "dev": true
    }
  }
}
