
Microsoft Visual Studio Solution File, Format Version 12.00
# Visual Studio Version 16
VisualStudioVersion = 16.0.31112.23
MinimumVisualStudioVersion = 10.0.40219.1
Project("{FAE04EC0-301F-11D3-BF4B-00C04F79EFBC}") = "PrimeSieveCS", "PrimeSieveCS.csproj", "{02AF9EB8-1B7E-42E2-89A9-73674EF99E5C}"
EndProject
Global
	GlobalSection(SolutionConfigurationPlatforms) = preSolution
		Debug|Any CPU = Debug|Any CPU
		Release|Any CPU = Release|Any CPU
	EndGlobalSection
	GlobalSection(ProjectConfigurationPlatforms) = postSolution
		{02AF9EB8-1B7E-42E2-89A9-73674EF99E5C}.Debug|Any CPU.ActiveCfg = Debug|Any CPU
		{02AF9EB8-1B7E-42E2-89A9-73674EF99E5C}.Debug|Any CPU.Build.0 = Debug|Any CPU
		{02AF9EB8-1B7E-42E2-89A9-73674EF99E5C}.Release|Any CPU.ActiveCfg = Release|Any CPU
		{02AF9EB8-1B7E-42E2-89A9-73674EF99E5C}.Release|Any CPU.Build.0 = Release|Any CPU
	EndGlobalSection
	GlobalSection(SolutionProperties) = preSolution
		HideSolutionNode = FALSE
	EndGlobalSection
	GlobalSection(ExtensibilityGlobals) = postSolution
		SolutionGuid = {8BF73573-411C-4401-B939-7841524DED02}
	EndGlobalSection
EndGlobal
