
Microsoft Visual Studio Solution File, Format Version 12.00
# Visual Studio Version 16
VisualStudioVersion = 16.0.31205.134
MinimumVisualStudioVersion = 10.0.40219.1
Project("{F2A71F9B-5D33-465A-A702-920D77279786}") = "PrimeFSharp", "PrimeFSharp.fsproj", "{D17FA35B-001A-44A2-9491-6305E901BD9B}"
EndProject
Global
	GlobalSection(SolutionConfigurationPlatforms) = preSolution
		Debug|Any CPU = Debug|Any CPU
		Release|Any CPU = Release|Any CPU
	EndGlobalSection
	GlobalSection(ProjectConfigurationPlatforms) = postSolution
		{D17FA35B-001A-44A2-9491-6305E901BD9B}.Debug|Any CPU.ActiveCfg = Debug|Any CPU
		{D17FA35B-001A-44A2-9491-6305E901BD9B}.Debug|Any CPU.Build.0 = Debug|Any CPU
		{D17FA35B-001A-44A2-9491-6305E901BD9B}.Release|Any CPU.ActiveCfg = Release|Any CPU
		{D17FA35B-001A-44A2-9491-6305E901BD9B}.Release|Any CPU.Build.0 = Release|Any CPU
	EndGlobalSection
	GlobalSection(SolutionProperties) = preSolution
		HideSolutionNode = FALSE
	EndGlobalSection
	GlobalSection(ExtensibilityGlobals) = postSolution
		SolutionGuid = {F062786C-8117-48DE-AE20-D1C0739F5380}
	EndGlobalSection
EndGlobal
