{
  "name": "primeassemblyscript",
  "version": "1.0.0",
  "lockfileVersion": 2,
  "requires": true,
  "packages": {
    "": {
      "name": "primeassemblyscript",
      "version": "1.0.0",
      "license": "ISC",
      "dependencies": {
        "@assemblyscript/loader": "0.18.26"
      },
      "devDependencies": {
        "assemblyscript": "0.18.26"
      }
    },
    "node_modules/@assemblyscript/loader": {
      "version": "0.18.26",
      "resolved": "https://registry.npmjs.org/@assemblyscript/loader/-/loader-0.18.26.tgz",
      "integrity": "sha512-c/dQ2WRbvkDqo1LH1IMLc/BevUeaGqaC/974a2E48rN10/henbUIMqPSy12N5rIT38715RbyIChYxHhY5KZzxQ=="
    },
    "node_modules/@assemblyscript/node": {
      "version": "0.1.0",
      "resolved": "git+ssh://git@github.com/AssemblyScript/node.git#bbd353ffbf2a7180ad6979a5f9a5bd91e677acb6",
      "dev": true,
      "license": "Apache-2.0"
    },
    "node_modules/assemblyscript": {
      "version": "0.18.26",
      "resolved": "https://registry.npmjs.org/assemblyscript/-/assemblyscript-0.18.26.tgz",
      "integrity": "sha512-BuM+Zx+IAk58z8HWQXWKwgQZ3wbK5ROYCpJxAgf5N1xjOsmc5KIj8aAON9tSxuUTCE3tf/tIPV0rW7eVPyv0dg==",
      "dev": true,
      "dependencies": {
        "binaryen": "100.0.0",
        "long": "^4.0.0"
      },
      "bin": {
        "asc": "bin/asc",
        "asinit": "bin/asinit"
      },
      "funding": {
        "type": "opencollective",
        "url": "https://opencollective.com/assemblyscript"
      }
    },
    "node_modules/binaryen": {
      "version": "100.0.0",
      "resolved": "https://registry.npmjs.org/binaryen/-/binaryen-100.0.0.tgz",
      "integrity": "sha512-nxOt8d8/VXAuSVEtAWUdKrqpqCy365QqD223EzzB1GzS5himiZAfM/R5lXx+M/5q8TB8cYp3tYxv5rTjNTJveQ==",
      "dev": true,
      "bin": {
        "wasm-opt": "bin/wasm-opt"
      }
    },
    "node_modules/long": {
      "version": "4.0.0",
      "resolved": "https://registry.npmjs.org/long/-/long-4.0.0.tgz",
      "integrity": "sha512-XsP+KhQif4bjX1kbuSiySJFNAehNxgLb6hPRGJ9QsUr8ajHkuXGdrHmFUTUUXhDwVX2R5bY4JNZEwbUiMhV+MA==",
      "dev": true
    }
  },
  "dependencies": {
    "@assemblyscript/loader": {
      "version": "0.18.26",
      "resolved": "https://registry.npmjs.org/@assemblyscript/loader/-/loader-0.18.26.tgz",
      "integrity": "sha512-c/dQ2WRbvkDqo1LH1IMLc/BevUeaGqaC/974a2E48rN10/henbUIMqPSy12N5rIT38715RbyIChYxHhY5KZzxQ=="
    },
    "@assemblyscript/node": {
      "version": "git+ssh://git@github.com/AssemblyScript/node.git#bbd353ffbf2a7180ad6979a5f9a5bd91e677acb6",
      "dev": true,
      "from": "git+ssh://git@github.com/AssemblyScript/node.git#bbd353ffbf2a7180ad6979a5f9a5bd91e677acb6"
    },
    "assemblyscript": {
      "version": "0.18.26",
      "resolved": "https://registry.npmjs.org/assemblyscript/-/assemblyscript-0.18.26.tgz",
      "integrity": "sha512-BuM+Zx+IAk58z8HWQXWKwgQZ3wbK5ROYCpJxAgf5N1xjOsmc5KIj8aAON9tSxuUTCE3tf/tIPV0rW7eVPyv0dg==",
      "dev": true,
      "requires": {
        "binaryen": "100.0.0",
        "long": "^4.0.0"
      }
    },
    "binaryen": {
      "version": "100.0.0",
      "resolved": "https://registry.npmjs.org/binaryen/-/binaryen-100.0.0.tgz",
      "integrity": "sha512-nxOt8d8/VXAuSVEtAWUdKrqpqCy365QqD223EzzB1GzS5himiZAfM/R5lXx+M/5q8TB8cYp3tYxv5rTjNTJveQ==",
      "dev": true
    },
    "long": {
      "version": "4.0.0",
      "resolved": "https://registry.npmjs.org/long/-/long-4.0.0.tgz",
      "integrity": "sha512-XsP+KhQif4bjX1kbuSiySJFNAehNxgLb6hPRGJ9QsUr8ajHkuXGdrHmFUTUUXhDwVX2R5bY4JNZEwbUiMhV+MA==",
      "dev": true
    }
  }
}
