{
  "name": "primeassemblyscript",
  "version": "1.0.0",
  "lockfileVersion": 2,
  "requires": true,
  "packages": {
    "": {
      "name": "primeassemblyscript",
      "version": "1.0.0",
      "license": "ISC",
      "dependencies": {
        "@assemblyscript/loader": "0.19.7"
      },
      "devDependencies": {
        "assemblyscript": "0.19.7"
      }
    },
    "node_modules/@assemblyscript/loader": {
      "version": "0.19.7",
      "resolved": "https://registry.npmjs.org/@assemblyscript/loader/-/loader-0.19.7.tgz",
      "integrity": "sha512-/BdvOMHnfW3uIHFEgDPRbmA+BoQjuYpjKIZgI3p4sG8Jxgy9UuQW7cQUFx7dRlFUk/SBVCoB8N7412NgKyctqg==",
      "license": "Apache-2.0"
    },
    "node_modules/assemblyscript": {
      "version": "0.19.7",
      "resolved": "https://registry.npmjs.org/assemblyscript/-/assemblyscript-0.19.7.tgz",
      "integrity": "sha512-0Vs27D9yIqxbwAx/zp2CNMCgR/Aa2cQlMZO+ctW30rhQ0/UOS/J9PkFXRxUVNMYj0xwEMT/Cq6l9flXO2ZJFcQ==",
      "dev": true,
      "dependencies": {
        "binaryen": "101.0.0-nightly.20210703",
        "long": "^4.0.0"
      },
      "bin": {
        "asc": "bin/asc",
        "asinit": "bin/asinit"
      },
      "funding": {
        "type": "opencollective",
        "url": "https://opencollective.com/assemblyscript"
      }
    },
    "node_modules/binaryen": {
      "version": "101.0.0-nightly.20210703",
      "resolved": "https://registry.npmjs.org/binaryen/-/binaryen-101.0.0-nightly.20210703.tgz",
      "integrity": "sha512-7iuRy/aSsd8BlO0ZOG4GqDI8z66UhazD10eeC3i14SOhZJ+MLC3I+BX5ydr3nk9g5j2PDGndxuYvm0gy+VJHYg==",
      "dev": true,
      "bin": {
        "wasm-opt": "bin/wasm-opt"
      }
    },
    "node_modules/long": {
      "version": "4.0.0",
      "resolved": "https://registry.npmjs.org/long/-/long-4.0.0.tgz",
      "integrity": "sha512-XsP+KhQif4bjX1kbuSiySJFNAehNxgLb6hPRGJ9QsUr8ajHkuXGdrHmFUTUUXhDwVX2R5bY4JNZEwbUiMhV+MA==",
      "dev": true
    }
  },
  "dependencies": {
    "@assemblyscript/loader": {
      "version": "0.19.7",
      "resolved": "https://registry.npmjs.org/@assemblyscript/loader/-/loader-0.19.7.tgz",
      "integrity": "sha512-/BdvOMHnfW3uIHFEgDPRbmA+BoQjuYpjKIZgI3p4sG8Jxgy9UuQW7cQUFx7dRlFUk/SBVCoB8N7412NgKyctqg=="
    },
    "assemblyscript": {
      "version": "0.19.7",
      "resolved": "https://registry.npmjs.org/assemblyscript/-/assemblyscript-0.19.7.tgz",
      "integrity": "sha512-0Vs27D9yIqxbwAx/zp2CNMCgR/Aa2cQlMZO+ctW30rhQ0/UOS/J9PkFXRxUVNMYj0xwEMT/Cq6l9flXO2ZJFcQ==",
      "dev": true,
      "requires": {
        "binaryen": "101.0.0-nightly.20210703",
        "long": "^4.0.0"
      }
    },
    "binaryen": {
      "version": "101.0.0-nightly.20210703",
      "resolved": "https://registry.npmjs.org/binaryen/-/binaryen-101.0.0-nightly.20210703.tgz",
      "integrity": "sha512-7iuRy/aSsd8BlO0ZOG4GqDI8z66UhazD10eeC3i14SOhZJ+MLC3I+BX5ydr3nk9g5j2PDGndxuYvm0gy+VJHYg==",
      "dev": true
    },
    "long": {
      "version": "4.0.0",
      "resolved": "https://registry.npmjs.org/long/-/long-4.0.0.tgz",
      "integrity": "sha512-XsP+KhQif4bjX1kbuSiySJFNAehNxgLb6hPRGJ9QsUr8ajHkuXGdrHmFUTUUXhDwVX2R5bY4JNZEwbUiMhV+MA==",
      "dev": true
    }
  }
}
