
Microsoft Visual Studio Solution File, Format Version 12.00
# Visual Studio Version 16
VisualStudioVersion = 16.0.31129.286
MinimumVisualStudioVersion = 10.0.40219.1
Project("{9A19103F-16F7-4668-BE54-9A1E7A4F7556}") = "PrimeCSharp", "PrimeCSharp.csproj", "{8B529622-F870-44EA-A64B-126C61D5D289}"
EndProject
Global
	GlobalSection(SolutionConfigurationPlatforms) = preSolution
		Debug|Any CPU = Debug|Any CPU
		Debug|x64 = Debug|x64
		Release|Any CPU = Release|Any CPU
		Release|x64 = Release|x64
	EndGlobalSection
	GlobalSection(ProjectConfigurationPlatforms) = postSolution
		{8B529622-F870-44EA-A64B-126C61D5D289}.Debug|Any CPU.ActiveCfg = Debug|Any CPU
		{8B529622-F870-44EA-A64B-126C61D5D289}.Debug|Any CPU.Build.0 = Debug|Any CPU
		{8B529622-F870-44EA-A64B-126C61D5D289}.Debug|x64.ActiveCfg = Debug|x64
		{8B529622-F870-44EA-A64B-126C61D5D289}.Debug|x64.Build.0 = Debug|x64
		{8B529622-F870-44EA-A64B-126C61D5D289}.Release|Any CPU.ActiveCfg = Release|Any CPU
		{8B529622-F870-44EA-A64B-126C61D5D289}.Release|Any CPU.Build.0 = Release|Any CPU
		{8B529622-F870-44EA-A64B-126C61D5D289}.Release|x64.ActiveCfg = Release|x64
		{8B529622-F870-44EA-A64B-126C61D5D289}.Release|x64.Build.0 = Release|x64
	EndGlobalSection
	GlobalSection(SolutionProperties) = preSolution
		HideSolutionNode = FALSE
	EndGlobalSection
	GlobalSection(ExtensibilityGlobals) = postSolution
		SolutionGuid = {2BDD134B-71A3-4B87-866C-A07863125E8A}
	EndGlobalSection
EndGlobal
