
Microsoft Visual Studio Solution File, Format Version 12.00
# Visual Studio 15
VisualStudioVersion = 15.0.27703.2047
MinimumVisualStudioVersion = 10.0.40219.1
Project("{888888A0-9F3D-457C-B088-3A5042F75D52}") = "PrimeSieve", "PrimeSieve.pyproj", "{BDDDE014-9E93-4AED-878A-C3685BB33798}"
EndProject
Global
	GlobalSection(SolutionConfigurationPlatforms) = preSolution
		Debug|Any CPU = Debug|Any CPU
		Release|Any CPU = Release|Any CPU
	EndGlobalSection
	GlobalSection(ProjectConfigurationPlatforms) = postSolution
		{BDDDE014-9E93-4AED-878A-C3685BB33798}.Debug|Any CPU.ActiveCfg = Debug|Any CPU
		{BDDDE014-9E93-4AED-878A-C3685BB33798}.Release|Any CPU.ActiveCfg = Release|Any CPU
	EndGlobalSection
	GlobalSection(SolutionProperties) = preSolution
		HideSolutionNode = FALSE
	EndGlobalSection
	GlobalSection(ExtensibilityGlobals) = postSolution
		SolutionGuid = {7B7C82F2-C2A5-48E0-9454-676201A9E278}
	EndGlobalSection
EndGlobal
